
Microsoft Visual Studio Solution File, Format Version 12.00
# Visual Studio Version 17
VisualStudioVersion = 17.0.31903.59
MinimumVisualStudioVersion = 10.0.40219.1
Project("{2150E333-8FDC-42A3-9474-1A3956D46DE8}") = "src", "src", "{34D8879E-2D41-46FE-9DEB-916EF923EF42}"
EndProject
Project("{2150E333-8FDC-42A3-9474-1A3956D46DE8}") = "Microservices", "Microservices", "{20A72710-0794-49AC-BC1C-78377AA71C29}"
EndProject
Project("{FAE04EC0-301F-11D3-BF4B-00C04F79EFBC}") = "FineManager", "src\Microservices\FineManager\FineManager.csproj", "{DDE39728-885F-44D9-9A62-6865027509B6}"
EndProject
Project("{FAE04EC0-301F-11D3-BF4B-00C04F79EFBC}") = "TrafficEvents", "src\Microservices\TrafficEvents\TrafficEvents.csproj", "{4A24CD83-BD31-481F-B497-13F07B764ABB}"
EndProject
Project("{FAE04EC0-301F-11D3-BF4B-00C04F79EFBC}") = "Vehicles", "src\Microservices\Vehicles\Vehicles.csproj", "{AB5F9CA0-3032-46CE-B629-991EC117DD48}"
EndProject
Project("{2150E333-8FDC-42A3-9474-1A3956D46DE8}") = "Shared", "Shared", "{E0115F71-91B9-41EE-9DBE-9FE1961A6A14}"
EndProject
Project("{FAE04EC0-301F-11D3-BF4B-00C04F79EFBC}") = "MessageBus", "src\Shared\MessageBus\MessageBus.csproj", "{AD22433D-7833-4A13-8BF8-953298449EB1}"
EndProject
Project("{FAE04EC0-301F-11D3-BF4B-00C04F79EFBC}") = "Messages", "src\Shared\Messages\Messages.csproj", "{637BDE14-3768-485D-9095-A46A825428A3}"
EndProject
Global
	GlobalSection(SolutionConfigurationPlatforms) = preSolution
		Debug|Any CPU = Debug|Any CPU
		Release|Any CPU = Release|Any CPU
	EndGlobalSection
	GlobalSection(SolutionProperties) = preSolution
		HideSolutionNode = FALSE
	EndGlobalSection
	GlobalSection(ProjectConfigurationPlatforms) = postSolution
		{DDE39728-885F-44D9-9A62-6865027509B6}.Debug|Any CPU.ActiveCfg = Debug|Any CPU
		{DDE39728-885F-44D9-9A62-6865027509B6}.Debug|Any CPU.Build.0 = Debug|Any CPU
		{DDE39728-885F-44D9-9A62-6865027509B6}.Release|Any CPU.ActiveCfg = Release|Any CPU
		{DDE39728-885F-44D9-9A62-6865027509B6}.Release|Any CPU.Build.0 = Release|Any CPU
		{4A24CD83-BD31-481F-B497-13F07B764ABB}.Debug|Any CPU.ActiveCfg = Debug|Any CPU
		{4A24CD83-BD31-481F-B497-13F07B764ABB}.Debug|Any CPU.Build.0 = Debug|Any CPU
		{4A24CD83-BD31-481F-B497-13F07B764ABB}.Release|Any CPU.ActiveCfg = Release|Any CPU
		{4A24CD83-BD31-481F-B497-13F07B764ABB}.Release|Any CPU.Build.0 = Release|Any CPU
		{AB5F9CA0-3032-46CE-B629-991EC117DD48}.Debug|Any CPU.ActiveCfg = Debug|Any CPU
		{AB5F9CA0-3032-46CE-B629-991EC117DD48}.Debug|Any CPU.Build.0 = Debug|Any CPU
		{AB5F9CA0-3032-46CE-B629-991EC117DD48}.Release|Any CPU.ActiveCfg = Release|Any CPU
		{AB5F9CA0-3032-46CE-B629-991EC117DD48}.Release|Any CPU.Build.0 = Release|Any CPU
		{AD22433D-7833-4A13-8BF8-953298449EB1}.Debug|Any CPU.ActiveCfg = Debug|Any CPU
		{AD22433D-7833-4A13-8BF8-953298449EB1}.Debug|Any CPU.Build.0 = Debug|Any CPU
		{AD22433D-7833-4A13-8BF8-953298449EB1}.Release|Any CPU.ActiveCfg = Release|Any CPU
		{AD22433D-7833-4A13-8BF8-953298449EB1}.Release|Any CPU.Build.0 = Release|Any CPU
		{637BDE14-3768-485D-9095-A46A825428A3}.Debug|Any CPU.ActiveCfg = Debug|Any CPU
		{637BDE14-3768-485D-9095-A46A825428A3}.Debug|Any CPU.Build.0 = Debug|Any CPU
		{637BDE14-3768-485D-9095-A46A825428A3}.Release|Any CPU.ActiveCfg = Release|Any CPU
		{637BDE14-3768-485D-9095-A46A825428A3}.Release|Any CPU.Build.0 = Release|Any CPU
	EndGlobalSection
	GlobalSection(NestedProjects) = preSolution
		{20A72710-0794-49AC-BC1C-78377AA71C29} = {34D8879E-2D41-46FE-9DEB-916EF923EF42}
		{DDE39728-885F-44D9-9A62-6865027509B6} = {20A72710-0794-49AC-BC1C-78377AA71C29}
		{4A24CD83-BD31-481F-B497-13F07B764ABB} = {20A72710-0794-49AC-BC1C-78377AA71C29}
		{AB5F9CA0-3032-46CE-B629-991EC117DD48} = {20A72710-0794-49AC-BC1C-78377AA71C29}
		{E0115F71-91B9-41EE-9DBE-9FE1961A6A14} = {34D8879E-2D41-46FE-9DEB-916EF923EF42}
		{AD22433D-7833-4A13-8BF8-953298449EB1} = {E0115F71-91B9-41EE-9DBE-9FE1961A6A14}
		{637BDE14-3768-485D-9095-A46A825428A3} = {E0115F71-91B9-41EE-9DBE-9FE1961A6A14}
	EndGlobalSection
EndGlobal
